
Microsoft Visual Studio Solution File, Format Version 12.00
# Visual Studio 15
VisualStudioVersion = 15.0.27130.2010
MinimumVisualStudioVersion = 15.0.26124.0
Project("{9A19103F-16F7-4668-BE54-9A1E7A4F7556}") = "Overt.Core.Logging", "src\Overt.Core.Logging\Overt.Core.Logging.csproj", "{41A30969-1148-4791-9E46-08775D9ABBD1}"
EndProject
Project("{2150E333-8FDC-42A3-9474-1A3956D46DE8}") = "test", "test", "{C6DAD7FD-C1AF-4445-ACC7-171E279B6CCD}"
EndProject
Project("{9A19103F-16F7-4668-BE54-9A1E7A4F7556}") = "WebDemo", "test\WebDemo\WebDemo.csproj", "{F8F7B636-7B16-4E2D-A57B-A5B1E39C3E10}"
EndProject
Project("{9A19103F-16F7-4668-BE54-9A1E7A4F7556}") = "ConsoleDemo", "test\ConsoleDemo\ConsoleDemo.csproj", "{847DDAA6-0E08-4A27-868E-1A05164D1404}"
EndProject
Project("{2150E333-8FDC-42A3-9474-1A3956D46DE8}") = "core", "core", "{DEF2A26B-B818-4B82-A5BB-684C7834D0BF}"
EndProject
Project("{2150E333-8FDC-42A3-9474-1A3956D46DE8}") = "net46", "net46", "{FA863C1C-09D2-43BC-B537-E3B5015143D8}"
EndProject
Project("{FAE04EC0-301F-11D3-BF4B-00C04F79EFBC}") = "ConsoleDemo", "test\ConsoleDemo.NLog\ConsoleDemo.csproj", "{AD33749E-D478-4227-9B9C-40B6BB806D39}"
EndProject
Global
	GlobalSection(SolutionConfigurationPlatforms) = preSolution
		Debug|Any CPU = Debug|Any CPU
		Debug|x64 = Debug|x64
		Debug|x86 = Debug|x86
		Release|Any CPU = Release|Any CPU
		Release|x64 = Release|x64
		Release|x86 = Release|x86
	EndGlobalSection
	GlobalSection(ProjectConfigurationPlatforms) = postSolution
		{41A30969-1148-4791-9E46-08775D9ABBD1}.Debug|Any CPU.ActiveCfg = Debug|Any CPU
		{41A30969-1148-4791-9E46-08775D9ABBD1}.Debug|Any CPU.Build.0 = Debug|Any CPU
		{41A30969-1148-4791-9E46-08775D9ABBD1}.Debug|x64.ActiveCfg = Debug|Any CPU
		{41A30969-1148-4791-9E46-08775D9ABBD1}.Debug|x64.Build.0 = Debug|Any CPU
		{41A30969-1148-4791-9E46-08775D9ABBD1}.Debug|x86.ActiveCfg = Debug|Any CPU
		{41A30969-1148-4791-9E46-08775D9ABBD1}.Debug|x86.Build.0 = Debug|Any CPU
		{41A30969-1148-4791-9E46-08775D9ABBD1}.Release|Any CPU.ActiveCfg = Release|Any CPU
		{41A30969-1148-4791-9E46-08775D9ABBD1}.Release|Any CPU.Build.0 = Release|Any CPU
		{41A30969-1148-4791-9E46-08775D9ABBD1}.Release|x64.ActiveCfg = Release|Any CPU
		{41A30969-1148-4791-9E46-08775D9ABBD1}.Release|x64.Build.0 = Release|Any CPU
		{41A30969-1148-4791-9E46-08775D9ABBD1}.Release|x86.ActiveCfg = Release|Any CPU
		{41A30969-1148-4791-9E46-08775D9ABBD1}.Release|x86.Build.0 = Release|Any CPU
		{F8F7B636-7B16-4E2D-A57B-A5B1E39C3E10}.Debug|Any CPU.ActiveCfg = Debug|Any CPU
		{F8F7B636-7B16-4E2D-A57B-A5B1E39C3E10}.Debug|Any CPU.Build.0 = Debug|Any CPU
		{F8F7B636-7B16-4E2D-A57B-A5B1E39C3E10}.Debug|x64.ActiveCfg = Debug|Any CPU
		{F8F7B636-7B16-4E2D-A57B-A5B1E39C3E10}.Debug|x64.Build.0 = Debug|Any CPU
		{F8F7B636-7B16-4E2D-A57B-A5B1E39C3E10}.Debug|x86.ActiveCfg = Debug|Any CPU
		{F8F7B636-7B16-4E2D-A57B-A5B1E39C3E10}.Debug|x86.Build.0 = Debug|Any CPU
		{F8F7B636-7B16-4E2D-A57B-A5B1E39C3E10}.Release|Any CPU.ActiveCfg = Release|Any CPU
		{F8F7B636-7B16-4E2D-A57B-A5B1E39C3E10}.Release|Any CPU.Build.0 = Release|Any CPU
		{F8F7B636-7B16-4E2D-A57B-A5B1E39C3E10}.Release|x64.ActiveCfg = Release|Any CPU
		{F8F7B636-7B16-4E2D-A57B-A5B1E39C3E10}.Release|x64.Build.0 = Release|Any CPU
		{F8F7B636-7B16-4E2D-A57B-A5B1E39C3E10}.Release|x86.ActiveCfg = Release|Any CPU
		{F8F7B636-7B16-4E2D-A57B-A5B1E39C3E10}.Release|x86.Build.0 = Release|Any CPU
		{847DDAA6-0E08-4A27-868E-1A05164D1404}.Debug|Any CPU.ActiveCfg = Debug|Any CPU
		{847DDAA6-0E08-4A27-868E-1A05164D1404}.Debug|Any CPU.Build.0 = Debug|Any CPU
		{847DDAA6-0E08-4A27-868E-1A05164D1404}.Debug|x64.ActiveCfg = Debug|Any CPU
		{847DDAA6-0E08-4A27-868E-1A05164D1404}.Debug|x64.Build.0 = Debug|Any CPU
		{847DDAA6-0E08-4A27-868E-1A05164D1404}.Debug|x86.ActiveCfg = Debug|Any CPU
		{847DDAA6-0E08-4A27-868E-1A05164D1404}.Debug|x86.Build.0 = Debug|Any CPU
		{847DDAA6-0E08-4A27-868E-1A05164D1404}.Release|Any CPU.ActiveCfg = Release|Any CPU
		{847DDAA6-0E08-4A27-868E-1A05164D1404}.Release|Any CPU.Build.0 = Release|Any CPU
		{847DDAA6-0E08-4A27-868E-1A05164D1404}.Release|x64.ActiveCfg = Release|Any CPU
		{847DDAA6-0E08-4A27-868E-1A05164D1404}.Release|x64.Build.0 = Release|Any CPU
		{847DDAA6-0E08-4A27-868E-1A05164D1404}.Release|x86.ActiveCfg = Release|Any CPU
		{847DDAA6-0E08-4A27-868E-1A05164D1404}.Release|x86.Build.0 = Release|Any CPU
		{AD33749E-D478-4227-9B9C-40B6BB806D39}.Debug|Any CPU.ActiveCfg = Debug|Any CPU
		{AD33749E-D478-4227-9B9C-40B6BB806D39}.Debug|Any CPU.Build.0 = Debug|Any CPU
		{AD33749E-D478-4227-9B9C-40B6BB806D39}.Debug|x64.ActiveCfg = Debug|Any CPU
		{AD33749E-D478-4227-9B9C-40B6BB806D39}.Debug|x64.Build.0 = Debug|Any CPU
		{AD33749E-D478-4227-9B9C-40B6BB806D39}.Debug|x86.ActiveCfg = Debug|Any CPU
		{AD33749E-D478-4227-9B9C-40B6BB806D39}.Debug|x86.Build.0 = Debug|Any CPU
		{AD33749E-D478-4227-9B9C-40B6BB806D39}.Release|Any CPU.ActiveCfg = Release|Any CPU
		{AD33749E-D478-4227-9B9C-40B6BB806D39}.Release|Any CPU.Build.0 = Release|Any CPU
		{AD33749E-D478-4227-9B9C-40B6BB806D39}.Release|x64.ActiveCfg = Release|Any CPU
		{AD33749E-D478-4227-9B9C-40B6BB806D39}.Release|x64.Build.0 = Release|Any CPU
		{AD33749E-D478-4227-9B9C-40B6BB806D39}.Release|x86.ActiveCfg = Release|Any CPU
		{AD33749E-D478-4227-9B9C-40B6BB806D39}.Release|x86.Build.0 = Release|Any CPU
	EndGlobalSection
	GlobalSection(SolutionProperties) = preSolution
		HideSolutionNode = FALSE
	EndGlobalSection
	GlobalSection(NestedProjects) = preSolution
		{F8F7B636-7B16-4E2D-A57B-A5B1E39C3E10} = {DEF2A26B-B818-4B82-A5BB-684C7834D0BF}
		{847DDAA6-0E08-4A27-868E-1A05164D1404} = {DEF2A26B-B818-4B82-A5BB-684C7834D0BF}
		{DEF2A26B-B818-4B82-A5BB-684C7834D0BF} = {C6DAD7FD-C1AF-4445-ACC7-171E279B6CCD}
		{FA863C1C-09D2-43BC-B537-E3B5015143D8} = {C6DAD7FD-C1AF-4445-ACC7-171E279B6CCD}
		{AD33749E-D478-4227-9B9C-40B6BB806D39} = {FA863C1C-09D2-43BC-B537-E3B5015143D8}
	EndGlobalSection
	GlobalSection(ExtensibilityGlobals) = postSolution
		SolutionGuid = {7C26CD48-31F8-4AC0-934D-2683C0698028}
	EndGlobalSection
EndGlobal
